{
  "name": "requester",
  "version": "1.0.0",
  "lockfileVersion": 1,
  "requires": true,
  "dependencies": {
    "@multiformats/base-x": {
      "version": "4.0.1",
      "resolved": "https://registry.npmjs.org/@multiformats/base-x/-/base-x-4.0.1.tgz",
      "integrity": "sha512-eMk0b9ReBbV23xXU693TAIrLyeO5iTgBZGSJfpqriG8UkYvr/hC9u9pyMlAakDNHWmbhMZCDs6KQO0jzKD8OTw=="
    },
    "cids": {
      "version": "1.0.0",
      "resolved": "https://registry.npmjs.org/cids/-/cids-1.0.0.tgz",
      "integrity": "sha512-HEBCIElSiXlkgZq3dgHJc3eDcnFteFp96N8/1/oqX5lkxBtB66sZ12jqEP3g7Ut++jEk6kIUGifQ1Qrya1jcNQ==",
      "requires": {
        "class-is": "^1.1.0",
        "multibase": "^3.0.0",
        "multicodec": "^2.0.0",
        "multihashes": "^3.0.1",
        "uint8arrays": "^1.0.0"
      }
    },
    "class-is": {
      "version": "1.1.0",
      "resolved": "https://registry.npmjs.org/class-is/-/class-is-1.1.0.tgz",
      "integrity": "sha512-rhjH9AG1fvabIDoGRVH587413LPjTZgmDF9fOFCbFJQV4yuocX1mHxxvXI4g3cGwbVY9wAYIoKlg1N79frJKQw=="
    },
    "ip-regex": {
      "version": "4.1.0",
      "resolved": "https://registry.npmjs.org/ip-regex/-/ip-regex-4.1.0.tgz",
      "integrity": "sha512-pKnZpbgCTfH/1NLIlOduP/V+WRXzC2MOz3Qo8xmxk8C5GudJLgK5QyLVXOSWy3ParAH7Eemurl3xjv/WXYFvMA=="
    },
    "is-ip": {
      "version": "3.1.0",
      "resolved": "https://registry.npmjs.org/is-ip/-/is-ip-3.1.0.tgz",
      "integrity": "sha512-35vd5necO7IitFPjd/YBeqwWnyDWbuLH9ZXQdMfDA8TEo7pv5X8yfrvVO3xbJbLUlERCMvf6X0hTUamQxCYJ9Q==",
      "requires": {
        "ip-regex": "^4.0.0"
      }
    },
    "multiaddr": {
      "version": "8.0.0",
      "resolved": "https://registry.npmjs.org/multiaddr/-/multiaddr-8.0.0.tgz",
      "integrity": "sha512-4OOyr0u0i4lvh9MY/mvuCNmH5eqoTamcnGeXz6umFGc0eaVQUGPDQNbp52YfFY92NlZ76pO6h4K2HkXsT5X43w==",
      "requires": {
        "cids": "^1.0.0",
        "class-is": "^1.1.0",
        "is-ip": "^3.1.0",
        "multibase": "^3.0.0",
        "uint8arrays": "^1.1.0",
        "varint": "^5.0.0"
      }
    },
    "multibase": {
      "version": "3.0.1",
      "resolved": "https://registry.npmjs.org/multibase/-/multibase-3.0.1.tgz",
      "integrity": "sha512-MRU5WpnSg81/vYO977MweoeUAxBdXl7+F5Af2Es+X6Vcgfk/g/EjIqXTgm3kb+xO3m1Kzr+aIV14oRX7nv5Z9w==",
      "requires": {
        "@multiformats/base-x": "^4.0.1",
        "web-encoding": "^1.0.2"
      }
    },
    "multicodec": {
      "version": "2.0.1",
      "resolved": "https://registry.npmjs.org/multicodec/-/multicodec-2.0.1.tgz",
      "integrity": "sha512-YDYeWn9iGa76hOHAyyZa0kbt3tr5FLg1ZXUHrZUJltjnxxdbTIbHnxWLd2zTcMOjdT3QyO+Xs4bQgJUcC2RWUA==",
      "requires": {
        "uint8arrays": "1.0.0",
        "varint": "^5.0.0"
      },
      "dependencies": {
        "uint8arrays": {
          "version": "1.0.0",
          "resolved": "https://registry.npmjs.org/uint8arrays/-/uint8arrays-1.0.0.tgz",
          "integrity": "sha512-14tqEVujDREW7YwonSZZwLvo7aFDfX7b6ubvM/U7XvZol+CC/LbhaX/550VlWmhddAL9Wou1sxp0Of3tGqXigg==",
          "requires": {
            "multibase": "^3.0.0",
            "web-encoding": "^1.0.2"
          }
        }
      }
    },
    "multihashes": {
      "version": "3.0.1",
      "resolved": "https://registry.npmjs.org/multihashes/-/multihashes-3.0.1.tgz",
      "integrity": "sha512-fFY67WOtb0359IjDZxaCU3gJILlkwkFbxbwrK9Bej5+NqNaYztzLOj8/NgMNMg/InxmhK+Uu8S/U4EcqsHzB7Q==",
      "requires": {
        "multibase": "^3.0.0",
        "uint8arrays": "^1.0.0",
        "varint": "^5.0.0"
      }
    },
    "uint8arrays": {
      "version": "1.1.0",
      "resolved": "https://registry.npmjs.org/uint8arrays/-/uint8arrays-1.1.0.tgz",
      "integrity": "sha512-cLdlZ6jnFczsKf5IH1gPHTtcHtPGho5r4CvctohmQjw8K7Q3gFdfIGHxSTdTaCKrL4w09SsPRJTqRS0drYeszA==",
      "requires": {
        "multibase": "^3.0.0",
        "web-encoding": "^1.0.2"
      }
    },
    "varint": {
      "version": "5.0.0",
      "resolved": "https://registry.npmjs.org/varint/-/varint-5.0.0.tgz",
      "integrity": "sha1-2Ca4n3SQcy+rwMDtaT7Uddyynr8="
    },
    "web-encoding": {
      "version": "1.0.4",
      "resolved": "https://registry.npmjs.org/web-encoding/-/web-encoding-1.0.4.tgz",
      "integrity": "sha512-DcXs2lbVPzuJmn2kuDEwul2oZg7p4YMa5J2f0YzsOBHaAnBYGPNUB/rJ74DTjTKpw7F0+lSsVM8sFHE2UyBixg=="
    }
  }
}
